
Microsoft Visual Studio Solution File, Format Version 12.00
# Visual Studio Version 17
VisualStudioVersion = 17.5.33502.453
MinimumVisualStudioVersion = 10.0.40219.1
Project("{FAE04EC0-301F-11D3-BF4B-00C04F79EFBC}") = "Rental-Motor", "Rental-Motor\Rental-Motor.csproj", "{857A5BAA-90B2-481F-9577-41B65F8BDCC7}"
EndProject
Global
	GlobalSection(SolutionConfigurationPlatforms) = preSolution
		Debug|Any CPU = Debug|Any CPU
		Release|Any CPU = Release|Any CPU
	EndGlobalSection
	GlobalSection(ProjectConfigurationPlatforms) = postSolution
		{857A5BAA-90B2-481F-9577-41B65F8BDCC7}.Debug|Any CPU.ActiveCfg = Debug|Any CPU
		{857A5BAA-90B2-481F-9577-41B65F8BDCC7}.Debug|Any CPU.Build.0 = Debug|Any CPU
		{857A5BAA-90B2-481F-9577-41B65F8BDCC7}.Release|Any CPU.ActiveCfg = Release|Any CPU
		{857A5BAA-90B2-481F-9577-41B65F8BDCC7}.Release|Any CPU.Build.0 = Release|Any CPU
	EndGlobalSection
	GlobalSection(SolutionProperties) = preSolution
		HideSolutionNode = FALSE
	EndGlobalSection
	GlobalSection(ExtensibilityGlobals) = postSolution
		SolutionGuid = {830805CB-43FC-4446-B056-7A179D282F43}
	EndGlobalSection
EndGlobal
